
Microsoft Visual Studio Solution File, Format Version 12.00
# Visual Studio Version 17
VisualStudioVersion = 17.0.31903.59
MinimumVisualStudioVersion = 10.0.40219.1
Project("{FAE04EC0-301F-11D3-BF4B-00C04F79EFBC}") = "MyCay.Web", "MyCay.Web\MyCay.Web.csproj", "{7CE35D3B-DE9E-4DF0-B58A-A932CC85AE22}"
EndProject
Project("{FAE04EC0-301F-11D3-BF4B-00C04F79EFBC}") = "MyCay.Application", "MyCay.Application\MyCay.Application.csproj", "{033A6443-05FB-40B6-A4FC-40AE7356CA25}"
EndProject
Project("{FAE04EC0-301F-11D3-BF4B-00C04F79EFBC}") = "MyCay.Domain", "MyCay.Domain\MyCay.Domain.csproj", "{83644808-76BA-4B94-8D0E-8F4563B40078}"
EndProject
Project("{FAE04EC0-301F-11D3-BF4B-00C04F79EFBC}") = "MyCay.Infrastructure", "MyCay.Infrastructure\MyCay.Infrastructure.csproj", "{43BDCDF7-C75D-4B25-A458-0FE9905F6E69}"
EndProject
Project("{FAE04EC0-301F-11D3-BF4B-00C04F79EFBC}") = "MyCay.Tests", "MyCay.Tests\MyCay.Tests.csproj", "{EAA9672D-BBF3-47BD-8ABF-BB1FDD07BDFB}"
EndProject
Global
	GlobalSection(SolutionConfigurationPlatforms) = preSolution
		Debug|Any CPU = Debug|Any CPU
		Debug|x64 = Debug|x64
		Debug|x86 = Debug|x86
		Release|Any CPU = Release|Any CPU
		Release|x64 = Release|x64
		Release|x86 = Release|x86
	EndGlobalSection
	GlobalSection(ProjectConfigurationPlatforms) = postSolution
		{7CE35D3B-DE9E-4DF0-B58A-A932CC85AE22}.Debug|Any CPU.ActiveCfg = Debug|Any CPU
		{7CE35D3B-DE9E-4DF0-B58A-A932CC85AE22}.Debug|Any CPU.Build.0 = Debug|Any CPU
		{7CE35D3B-DE9E-4DF0-B58A-A932CC85AE22}.Debug|x64.ActiveCfg = Debug|Any CPU
		{7CE35D3B-DE9E-4DF0-B58A-A932CC85AE22}.Debug|x64.Build.0 = Debug|Any CPU
		{7CE35D3B-DE9E-4DF0-B58A-A932CC85AE22}.Debug|x86.ActiveCfg = Debug|Any CPU
		{7CE35D3B-DE9E-4DF0-B58A-A932CC85AE22}.Debug|x86.Build.0 = Debug|Any CPU
		{7CE35D3B-DE9E-4DF0-B58A-A932CC85AE22}.Release|Any CPU.ActiveCfg = Release|Any CPU
		{7CE35D3B-DE9E-4DF0-B58A-A932CC85AE22}.Release|Any CPU.Build.0 = Release|Any CPU
		{7CE35D3B-DE9E-4DF0-B58A-A932CC85AE22}.Release|x64.ActiveCfg = Release|Any CPU
		{7CE35D3B-DE9E-4DF0-B58A-A932CC85AE22}.Release|x64.Build.0 = Release|Any CPU
		{7CE35D3B-DE9E-4DF0-B58A-A932CC85AE22}.Release|x86.ActiveCfg = Release|Any CPU
		{7CE35D3B-DE9E-4DF0-B58A-A932CC85AE22}.Release|x86.Build.0 = Release|Any CPU
		{033A6443-05FB-40B6-A4FC-40AE7356CA25}.Debug|Any CPU.ActiveCfg = Debug|Any CPU
		{033A6443-05FB-40B6-A4FC-40AE7356CA25}.Debug|Any CPU.Build.0 = Debug|Any CPU
		{033A6443-05FB-40B6-A4FC-40AE7356CA25}.Debug|x64.ActiveCfg = Debug|Any CPU
		{033A6443-05FB-40B6-A4FC-40AE7356CA25}.Debug|x64.Build.0 = Debug|Any CPU
		{033A6443-05FB-40B6-A4FC-40AE7356CA25}.Debug|x86.ActiveCfg = Debug|Any CPU
		{033A6443-05FB-40B6-A4FC-40AE7356CA25}.Debug|x86.Build.0 = Debug|Any CPU
		{033A6443-05FB-40B6-A4FC-40AE7356CA25}.Release|Any CPU.ActiveCfg = Release|Any CPU
		{033A6443-05FB-40B6-A4FC-40AE7356CA25}.Release|Any CPU.Build.0 = Release|Any CPU
		{033A6443-05FB-40B6-A4FC-40AE7356CA25}.Release|x64.ActiveCfg = Release|Any CPU
		{033A6443-05FB-40B6-A4FC-40AE7356CA25}.Release|x64.Build.0 = Release|Any CPU
		{033A6443-05FB-40B6-A4FC-40AE7356CA25}.Release|x86.ActiveCfg = Release|Any CPU
		{033A6443-05FB-40B6-A4FC-40AE7356CA25}.Release|x86.Build.0 = Release|Any CPU
		{83644808-76BA-4B94-8D0E-8F4563B40078}.Debug|Any CPU.ActiveCfg = Debug|Any CPU
		{83644808-76BA-4B94-8D0E-8F4563B40078}.Debug|Any CPU.Build.0 = Debug|Any CPU
		{83644808-76BA-4B94-8D0E-8F4563B40078}.Debug|x64.ActiveCfg = Debug|Any CPU
		{83644808-76BA-4B94-8D0E-8F4563B40078}.Debug|x64.Build.0 = Debug|Any CPU
		{83644808-76BA-4B94-8D0E-8F4563B40078}.Debug|x86.ActiveCfg = Debug|Any CPU
		{83644808-76BA-4B94-8D0E-8F4563B40078}.Debug|x86.Build.0 = Debug|Any CPU
		{83644808-76BA-4B94-8D0E-8F4563B40078}.Release|Any CPU.ActiveCfg = Release|Any CPU
		{83644808-76BA-4B94-8D0E-8F4563B40078}.Release|Any CPU.Build.0 = Release|Any CPU
		{83644808-76BA-4B94-8D0E-8F4563B40078}.Release|x64.ActiveCfg = Release|Any CPU
		{83644808-76BA-4B94-8D0E-8F4563B40078}.Release|x64.Build.0 = Release|Any CPU
		{83644808-76BA-4B94-8D0E-8F4563B40078}.Release|x86.ActiveCfg = Release|Any CPU
		{83644808-76BA-4B94-8D0E-8F4563B40078}.Release|x86.Build.0 = Release|Any CPU
		{43BDCDF7-C75D-4B25-A458-0FE9905F6E69}.Debug|Any CPU.ActiveCfg = Debug|Any CPU
		{43BDCDF7-C75D-4B25-A458-0FE9905F6E69}.Debug|Any CPU.Build.0 = Debug|Any CPU
		{43BDCDF7-C75D-4B25-A458-0FE9905F6E69}.Debug|x64.ActiveCfg = Debug|Any CPU
		{43BDCDF7-C75D-4B25-A458-0FE9905F6E69}.Debug|x64.Build.0 = Debug|Any CPU
		{43BDCDF7-C75D-4B25-A458-0FE9905F6E69}.Debug|x86.ActiveCfg = Debug|Any CPU
		{43BDCDF7-C75D-4B25-A458-0FE9905F6E69}.Debug|x86.Build.0 = Debug|Any CPU
		{43BDCDF7-C75D-4B25-A458-0FE9905F6E69}.Release|Any CPU.ActiveCfg = Release|Any CPU
		{43BDCDF7-C75D-4B25-A458-0FE9905F6E69}.Release|Any CPU.Build.0 = Release|Any CPU
		{43BDCDF7-C75D-4B25-A458-0FE9905F6E69}.Release|x64.ActiveCfg = Release|Any CPU
		{43BDCDF7-C75D-4B25-A458-0FE9905F6E69}.Release|x64.Build.0 = Release|Any CPU
		{43BDCDF7-C75D-4B25-A458-0FE9905F6E69}.Release|x86.ActiveCfg = Release|Any CPU
		{43BDCDF7-C75D-4B25-A458-0FE9905F6E69}.Release|x86.Build.0 = Release|Any CPU
		{EAA9672D-BBF3-47BD-8ABF-BB1FDD07BDFB}.Debug|Any CPU.ActiveCfg = Debug|Any CPU
		{EAA9672D-BBF3-47BD-8ABF-BB1FDD07BDFB}.Debug|Any CPU.Build.0 = Debug|Any CPU
		{EAA9672D-BBF3-47BD-8ABF-BB1FDD07BDFB}.Debug|x64.ActiveCfg = Debug|Any CPU
		{EAA9672D-BBF3-47BD-8ABF-BB1FDD07BDFB}.Debug|x64.Build.0 = Debug|Any CPU
		{EAA9672D-BBF3-47BD-8ABF-BB1FDD07BDFB}.Debug|x86.ActiveCfg = Debug|Any CPU
		{EAA9672D-BBF3-47BD-8ABF-BB1FDD07BDFB}.Debug|x86.Build.0 = Debug|Any CPU
		{EAA9672D-BBF3-47BD-8ABF-BB1FDD07BDFB}.Release|Any CPU.ActiveCfg = Release|Any CPU
		{EAA9672D-BBF3-47BD-8ABF-BB1FDD07BDFB}.Release|Any CPU.Build.0 = Release|Any CPU
		{EAA9672D-BBF3-47BD-8ABF-BB1FDD07BDFB}.Release|x64.ActiveCfg = Release|Any CPU
		{EAA9672D-BBF3-47BD-8ABF-BB1FDD07BDFB}.Release|x64.Build.0 = Release|Any CPU
		{EAA9672D-BBF3-47BD-8ABF-BB1FDD07BDFB}.Release|x86.ActiveCfg = Release|Any CPU
		{EAA9672D-BBF3-47BD-8ABF-BB1FDD07BDFB}.Release|x86.Build.0 = Release|Any CPU
	EndGlobalSection
	GlobalSection(SolutionProperties) = preSolution
		HideSolutionNode = FALSE
	EndGlobalSection
EndGlobal
